
Microsoft Visual Studio Solution File, Format Version 12.00
# Visual Studio Version 16
VisualStudioVersion = 16.0.30503.244
MinimumVisualStudioVersion = 10.0.40219.1
Project("{FAE04EC0-301F-11D3-BF4B-00C04F79EFBC}") = "peergrade4", "peergrade4\peergrade4.csproj", "{BEB453D1-105A-46EC-B42D-D32F55CF1139}"
EndProject
Global
	GlobalSection(SolutionConfigurationPlatforms) = preSolution
		Debug|Any CPU = Debug|Any CPU
		Release|Any CPU = Release|Any CPU
	EndGlobalSection
	GlobalSection(ProjectConfigurationPlatforms) = postSolution
		{BEB453D1-105A-46EC-B42D-D32F55CF1139}.Debug|Any CPU.ActiveCfg = Debug|Any CPU
		{BEB453D1-105A-46EC-B42D-D32F55CF1139}.Debug|Any CPU.Build.0 = Debug|Any CPU
		{BEB453D1-105A-46EC-B42D-D32F55CF1139}.Release|Any CPU.ActiveCfg = Release|Any CPU
		{BEB453D1-105A-46EC-B42D-D32F55CF1139}.Release|Any CPU.Build.0 = Release|Any CPU
	EndGlobalSection
	GlobalSection(SolutionProperties) = preSolution
		HideSolutionNode = FALSE
	EndGlobalSection
	GlobalSection(ExtensibilityGlobals) = postSolution
		SolutionGuid = {3B09BD0B-5A17-41E2-887E-2BC625D5B32A}
	EndGlobalSection
EndGlobal
